
Microsoft Visual Studio Solution File, Format Version 12.00
# Visual Studio Version 16
VisualStudioVersion = 16.0.33214.272
MinimumVisualStudioVersion = 10.0.40219.1
Project("{FAE04EC0-301F-11D3-BF4B-00C04F79EFBC}") = "BanHang", "BanHang\BanHang.csproj", "{0B5C10B6-010F-4582-959F-F9A0B272496E}"
EndProject
Global
	GlobalSection(SolutionConfigurationPlatforms) = preSolution
		Debug|Any CPU = Debug|Any CPU
		Release|Any CPU = Release|Any CPU
	EndGlobalSection
	GlobalSection(ProjectConfigurationPlatforms) = postSolution
		{0B5C10B6-010F-4582-959F-F9A0B272496E}.Debug|Any CPU.ActiveCfg = Debug|Any CPU
		{0B5C10B6-010F-4582-959F-F9A0B272496E}.Debug|Any CPU.Build.0 = Debug|Any CPU
		{0B5C10B6-010F-4582-959F-F9A0B272496E}.Release|Any CPU.ActiveCfg = Release|Any CPU
		{0B5C10B6-010F-4582-959F-F9A0B272496E}.Release|Any CPU.Build.0 = Release|Any CPU
	EndGlobalSection
	GlobalSection(SolutionProperties) = preSolution
		HideSolutionNode = FALSE
	EndGlobalSection
	GlobalSection(ExtensibilityGlobals) = postSolution
		SolutionGuid = {CD4BD847-D160-498B-BB4B-2AAAF7F67706}
	EndGlobalSection
EndGlobal
